# THIS IS AN AUTOGENERATED FILE. DO NOT EDIT THIS FILE DIRECTLY.
# yarn lockfile v1


"@rails/actiontext@^7.2.200":
  version "7.2.200"
  resolved "https://registry.yarnpkg.com/@rails/actiontext/-/actiontext-7.2.200.tgz#7074cd3fab61689bfaa5c6198c793eed9c08e07a"
  integrity sha512-VnuizRllfkTZVKDkPpnhEL9Yb15T8j23Awx4NFfRPF+60bptA+50o3htAo28MA5I12ACTXDBxTNkLm36SiVuOw==
  dependencies:
    "@rails/activestorage" ">= 7.2.0-alpha"

"@rails/activestorage@>= 7.2.0-alpha":
  version "7.2.101"
  resolved "https://registry.yarnpkg.com/@rails/activestorage/-/activestorage-7.2.101.tgz#fc786623431e7d5ef2b4e73b8c1cbfb890f18aac"
  integrity sha512-N4Lb2xW+6OFeE8f0nvOo6vigVM3VWlEYO6+wPBgc26CFstVG2zXbj4SV88JW3hZSArcCVox726hbXogwMV7hcg==
  dependencies:
    spark-md5 "^3.0.1"

bootstrap-icons@^1.11.3:
  version "1.11.3"
  resolved "https://registry.yarnpkg.com/bootstrap-icons/-/bootstrap-icons-1.11.3.tgz#03f9cb754ec005c52f9ee616e2e84a82cab3084b"
  integrity sha512-+3lpHrCw/it2/7lBL15VR0HEumaBss0+f/Lb6ZvHISn1mlK83jjFpooTLsMWbIjJMDjDjOExMsTxnXSIT4k4ww==

spark-md5@^3.0.1:
  version "3.0.2"
  resolved "https://registry.yarnpkg.com/spark-md5/-/spark-md5-3.0.2.tgz#7952c4a30784347abcee73268e473b9c0167e3fc"
  integrity sha512-wcFzz9cDfbuqe0FZzfi2or1sgyIrsDwmPwfZC4hiNidPdPINjeUwNfv5kldczoEAcjl9Y1L3SM7Uz2PUEQzxQw==

trix@^2.1.8:
  version "2.1.8"
  resolved "https://registry.yarnpkg.com/trix/-/trix-2.1.8.tgz#b9383af8cd9c1a0a0818d6b4e0c9e771bf7fd564"
  integrity sha512-y1h5mKQcjMsZDsUOqOgyIUfw+Z31u4Fe9JqXtKGUzIC7FM9cTpxZFFWxQggwXBo18ccIKYx1Fn9toVO5mCpn9g==
